
Microsoft Visual Studio Solution File, Format Version 12.00
# Visual Studio 15
VisualStudioVersion = 15.0.27703.2042
MinimumVisualStudioVersion = 10.0.40219.1
Project("{9A19103F-16F7-4668-BE54-9A1E7A4F7556}") = "Xbim.ISO_12006_3_V4", "Xbim.ISO_12006_3_V4\Xbim.ISO_12006_3_V4.csproj", "{40108E48-AE05-4D7C-8778-DB2DC3613511}"
EndProject
Global
	GlobalSection(SolutionConfigurationPlatforms) = preSolution
		Debug|Any CPU = Debug|Any CPU
		Release|Any CPU = Release|Any CPU
	EndGlobalSection
	GlobalSection(ProjectConfigurationPlatforms) = postSolution
		{40108E48-AE05-4D7C-8778-DB2DC3613511}.Debug|Any CPU.ActiveCfg = Debug|Any CPU
		{40108E48-AE05-4D7C-8778-DB2DC3613511}.Debug|Any CPU.Build.0 = Debug|Any CPU
		{40108E48-AE05-4D7C-8778-DB2DC3613511}.Release|Any CPU.ActiveCfg = Release|Any CPU
		{40108E48-AE05-4D7C-8778-DB2DC3613511}.Release|Any CPU.Build.0 = Release|Any CPU
	EndGlobalSection
	GlobalSection(SolutionProperties) = preSolution
		HideSolutionNode = FALSE
	EndGlobalSection
	GlobalSection(ExtensibilityGlobals) = postSolution
		SolutionGuid = {6FD51368-E0CE-41F7-B043-3A5A0184B2D1}
	EndGlobalSection
EndGlobal
